
Microsoft Visual Studio Solution File, Format Version 12.00
# Visual Studio Version 16
VisualStudioVersion = 16.0.30717.126
MinimumVisualStudioVersion = 10.0.40219.1
Project("{FAE04EC0-301F-11D3-BF4B-00C04F79EFBC}") = "Habilitations", "Habilitations\Habilitations.csproj", "{4BD9F27D-F213-4515-88E9-6DCD64D7294A}"
EndProject
Global
	GlobalSection(SolutionConfigurationPlatforms) = preSolution
		Debug|Any CPU = Debug|Any CPU
		Release|Any CPU = Release|Any CPU
	EndGlobalSection
	GlobalSection(ProjectConfigurationPlatforms) = postSolution
		{4BD9F27D-F213-4515-88E9-6DCD64D7294A}.Debug|Any CPU.ActiveCfg = Debug|Any CPU
		{4BD9F27D-F213-4515-88E9-6DCD64D7294A}.Debug|Any CPU.Build.0 = Debug|Any CPU
		{4BD9F27D-F213-4515-88E9-6DCD64D7294A}.Release|Any CPU.ActiveCfg = Release|Any CPU
		{4BD9F27D-F213-4515-88E9-6DCD64D7294A}.Release|Any CPU.Build.0 = Release|Any CPU
	EndGlobalSection
	GlobalSection(SolutionProperties) = preSolution
		HideSolutionNode = FALSE
	EndGlobalSection
	GlobalSection(ExtensibilityGlobals) = postSolution
		SolutionGuid = {8C41137D-D613-4206-A6F9-D2870E363B20}
	EndGlobalSection
EndGlobal
